
Microsoft Visual Studio Solution File, Format Version 12.00
# Visual Studio Version 16
VisualStudioVersion = 16.0.31424.327
MinimumVisualStudioVersion = 10.0.40219.1
Project("{8BC9CEB8-8B4A-11D0-8D11-00A0C91BC942}") = "DataPtrSwap", "DataPtrSwap.vcxproj", "{F20FA0E9-74F0-49B2-A1D7-FB9833E558AE}"
EndProject
Global
	GlobalSection(SolutionConfigurationPlatforms) = preSolution
		Debug|ARM = Debug|ARM
		Debug|ARM64 = Debug|ARM64
		Debug|x64 = Debug|x64
		Debug|x86 = Debug|x86
		Release|ARM = Release|ARM
		Release|ARM64 = Release|ARM64
		Release|x64 = Release|x64
		Release|x86 = Release|x86
	EndGlobalSection
	GlobalSection(ProjectConfigurationPlatforms) = postSolution
		{F20FA0E9-74F0-49B2-A1D7-FB9833E558AE}.Debug|ARM.ActiveCfg = Debug|ARM
		{F20FA0E9-74F0-49B2-A1D7-FB9833E558AE}.Debug|ARM.Build.0 = Debug|ARM
		{F20FA0E9-74F0-49B2-A1D7-FB9833E558AE}.Debug|ARM.Deploy.0 = Debug|ARM
		{F20FA0E9-74F0-49B2-A1D7-FB9833E558AE}.Debug|ARM64.ActiveCfg = Debug|ARM64
		{F20FA0E9-74F0-49B2-A1D7-FB9833E558AE}.Debug|ARM64.Build.0 = Debug|ARM64
		{F20FA0E9-74F0-49B2-A1D7-FB9833E558AE}.Debug|ARM64.Deploy.0 = Debug|ARM64
		{F20FA0E9-74F0-49B2-A1D7-FB9833E558AE}.Debug|x64.ActiveCfg = Debug|x64
		{F20FA0E9-74F0-49B2-A1D7-FB9833E558AE}.Debug|x64.Build.0 = Debug|x64
		{F20FA0E9-74F0-49B2-A1D7-FB9833E558AE}.Debug|x64.Deploy.0 = Debug|x64
		{F20FA0E9-74F0-49B2-A1D7-FB9833E558AE}.Debug|x86.ActiveCfg = Debug|Win32
		{F20FA0E9-74F0-49B2-A1D7-FB9833E558AE}.Debug|x86.Build.0 = Debug|Win32
		{F20FA0E9-74F0-49B2-A1D7-FB9833E558AE}.Debug|x86.Deploy.0 = Debug|Win32
		{F20FA0E9-74F0-49B2-A1D7-FB9833E558AE}.Release|ARM.ActiveCfg = Release|ARM
		{F20FA0E9-74F0-49B2-A1D7-FB9833E558AE}.Release|ARM.Build.0 = Release|ARM
		{F20FA0E9-74F0-49B2-A1D7-FB9833E558AE}.Release|ARM.Deploy.0 = Release|ARM
		{F20FA0E9-74F0-49B2-A1D7-FB9833E558AE}.Release|ARM64.ActiveCfg = Release|ARM64
		{F20FA0E9-74F0-49B2-A1D7-FB9833E558AE}.Release|ARM64.Build.0 = Release|ARM64
		{F20FA0E9-74F0-49B2-A1D7-FB9833E558AE}.Release|ARM64.Deploy.0 = Release|ARM64
		{F20FA0E9-74F0-49B2-A1D7-FB9833E558AE}.Release|x64.ActiveCfg = Release|x64
		{F20FA0E9-74F0-49B2-A1D7-FB9833E558AE}.Release|x64.Build.0 = Release|x64
		{F20FA0E9-74F0-49B2-A1D7-FB9833E558AE}.Release|x64.Deploy.0 = Release|x64
		{F20FA0E9-74F0-49B2-A1D7-FB9833E558AE}.Release|x86.ActiveCfg = Release|Win32
		{F20FA0E9-74F0-49B2-A1D7-FB9833E558AE}.Release|x86.Build.0 = Release|Win32
		{F20FA0E9-74F0-49B2-A1D7-FB9833E558AE}.Release|x86.Deploy.0 = Release|Win32
	EndGlobalSection
	GlobalSection(SolutionProperties) = preSolution
		HideSolutionNode = FALSE
	EndGlobalSection
	GlobalSection(ExtensibilityGlobals) = postSolution
		SolutionGuid = {BBD3FDC4-5B6A-4C27-B08A-5678F7BCFE35}
	EndGlobalSection
EndGlobal
